
Microsoft Visual Studio Solution File, Format Version 12.00
# Visual Studio Version 17
VisualStudioVersion = 17.3.32929.385
MinimumVisualStudioVersion = 10.0.40219.1
Project("{FAE04EC0-301F-11D3-BF4B-00C04F79EFBC}") = "YAssignment1", "YAssignment1.csproj", "{773DFA65-A3C9-442E-9AA4-4E411CCF1504}"
EndProject
Global
	GlobalSection(SolutionConfigurationPlatforms) = preSolution
		Debug|Any CPU = Debug|Any CPU
		Release|Any CPU = Release|Any CPU
	EndGlobalSection
	GlobalSection(ProjectConfigurationPlatforms) = postSolution
		{773DFA65-A3C9-442E-9AA4-4E411CCF1504}.Debug|Any CPU.ActiveCfg = Debug|Any CPU
		{773DFA65-A3C9-442E-9AA4-4E411CCF1504}.Debug|Any CPU.Build.0 = Debug|Any CPU
		{773DFA65-A3C9-442E-9AA4-4E411CCF1504}.Release|Any CPU.ActiveCfg = Release|Any CPU
		{773DFA65-A3C9-442E-9AA4-4E411CCF1504}.Release|Any CPU.Build.0 = Release|Any CPU
	EndGlobalSection
	GlobalSection(SolutionProperties) = preSolution
		HideSolutionNode = FALSE
	EndGlobalSection
	GlobalSection(ExtensibilityGlobals) = postSolution
		SolutionGuid = {5D7DF55B-E855-4A20-9FFF-A12346E716F5}
	EndGlobalSection
EndGlobal
